// !$*UTF8*$!
{
	archiveVersion = 1;
	classes = {
	};
	objectVersion = 56;
	objects = {

/* Begin PBXBuildFile section */
		EA3E99202A9B1D900087EB71 /* EditProfileViewModel.swift in Sources */ = {isa = PBXBuildFile; fileRef = EA3E991F2A9B1D900087EB71 /* EditProfileViewModel.swift */; };
		EA3E99222A9B1F560087EB71 /* ImageUploader.swift in Sources */ = {isa = PBXBuildFile; fileRef = EA3E99212A9B1F560087EB71 /* ImageUploader.swift */; };
		EA41EDCB2A9DE47F008A06BD /* Kingfisher in Frameworks */ = {isa = PBXBuildFile; productRef = EA41EDCA2A9DE47F008A06BD /* Kingfisher */; };
		EA41EDCD2A9DEE2E008A06BD /* Thread.swift in Sources */ = {isa = PBXBuildFile; fileRef = EA41EDCC2A9DEE2E008A06BD /* Thread.swift */; };
		EA41EDD02A9DF02D008A06BD /* CreateThreadViewModel.swift in Sources */ = {isa = PBXBuildFile; fileRef = EA41EDCF2A9DF02D008A06BD /* CreateThreadViewModel.swift */; };
		EA41EDD22A9DF051008A06BD /* ThreadService.swift in Sources */ = {isa = PBXBuildFile; fileRef = EA41EDD12A9DF051008A06BD /* ThreadService.swift */; };
		EA71193C2A99CD14008E53B0 /* ExploreViewModel.swift in Sources */ = {isa = PBXBuildFile; fileRef = EA71193B2A99CD14008E53B0 /* ExploreViewModel.swift */; };
		EA71193E2A99CF3E008E53B0 /* PreviewProvider.swift in Sources */ = {isa = PBXBuildFile; fileRef = EA71193D2A99CF3E008E53B0 /* PreviewProvider.swift */; };
		EA71193F2A99D102008E53B0 /* GoogleService-Info.plist in Resources */ = {isa = PBXBuildFile; fileRef = EAC6DAFE2A969320001F68B5 /* GoogleService-Info.plist */; };
		EA9A4A092A99ED9E001CA523 /* CurrentUserProfileView.swift in Sources */ = {isa = PBXBuildFile; fileRef = EA9A4A082A99ED9E001CA523 /* CurrentUserProfileView.swift */; };
		EA9A4A0F2A99F1C8001CA523 /* ProfileHeaderView.swift in Sources */ = {isa = PBXBuildFile; fileRef = EA9A4A0E2A99F1C8001CA523 /* ProfileHeaderView.swift */; };
		EA9A4A112A99F327001CA523 /* UserContentListView.swift in Sources */ = {isa = PBXBuildFile; fileRef = EA9A4A102A99F327001CA523 /* UserContentListView.swift */; };
		EAC6DB022A9693B1001F68B5 /* FirebaseAuth in Frameworks */ = {isa = PBXBuildFile; productRef = EAC6DB012A9693B1001F68B5 /* FirebaseAuth */; };
		EAC6DB042A9693B1001F68B5 /* FirebaseFirestore in Frameworks */ = {isa = PBXBuildFile; productRef = EAC6DB032A9693B1001F68B5 /* FirebaseFirestore */; };
		EAC6DB062A9693B1001F68B5 /* FirebaseFirestoreSwift in Frameworks */ = {isa = PBXBuildFile; productRef = EAC6DB052A9693B1001F68B5 /* FirebaseFirestoreSwift */; };
		EAC6DB082A9693B1001F68B5 /* FirebaseStorage in Frameworks */ = {isa = PBXBuildFile; productRef = EAC6DB072A9693B1001F68B5 /* FirebaseStorage */; };
		EAC7B7002A96538E00808CC1 /* threadsApp.swift in Sources */ = {isa = PBXBuildFile; fileRef = EAC7B6FF2A96538E00808CC1 /* threadsApp.swift */; };
		EAC7B7022A96538E00808CC1 /* ContentView.swift in Sources */ = {isa = PBXBuildFile; fileRef = EAC7B7012A96538E00808CC1 /* ContentView.swift */; };
		EAC7B7042A96539000808CC1 /* Assets.xcassets in Resources */ = {isa = PBXBuildFile; fileRef = EAC7B7032A96539000808CC1 /* Assets.xcassets */; };
		EAC7B7072A96539000808CC1 /* Preview Assets.xcassets in Resources */ = {isa = PBXBuildFile; fileRef = EAC7B7062A96539000808CC1 /* Preview Assets.xcassets */; };
		EAC7B7172A96555E00808CC1 /* LoginView.swift in Sources */ = {isa = PBXBuildFile; fileRef = EAC7B7162A96555E00808CC1 /* LoginView.swift */; };
		EAC7B71C2A9658A400808CC1 /* ThreadsTextFieldModifier.swift in Sources */ = {isa = PBXBuildFile; fileRef = EAC7B71B2A9658A400808CC1 /* ThreadsTextFieldModifier.swift */; };
		EAC7B71E2A965BE300808CC1 /* RegistrationView.swift in Sources */ = {isa = PBXBuildFile; fileRef = EAC7B71D2A965BE300808CC1 /* RegistrationView.swift */; };
		EAC7B7212A965E4A00808CC1 /* ThreadsTabView.swift in Sources */ = {isa = PBXBuildFile; fileRef = EAC7B7202A965E4A00808CC1 /* ThreadsTabView.swift */; };
		EAC7B7252A96613F00808CC1 /* FeedView.swift in Sources */ = {isa = PBXBuildFile; fileRef = EAC7B7242A96613F00808CC1 /* FeedView.swift */; };
		EAC7B7292A96617800808CC1 /* ExploreView.swift in Sources */ = {isa = PBXBuildFile; fileRef = EAC7B7282A96617800808CC1 /* ExploreView.swift */; };
		EAC7B7332A9661F900808CC1 /* ProfileView.swift in Sources */ = {isa = PBXBuildFile; fileRef = EAC7B7322A9661F900808CC1 /* ProfileView.swift */; };
		EAC7B7352A96620A00808CC1 /* ActivityView.swift in Sources */ = {isa = PBXBuildFile; fileRef = EAC7B7342A96620A00808CC1 /* ActivityView.swift */; };
		EAC7B7372A9662BF00808CC1 /* CreateThreadView.swift in Sources */ = {isa = PBXBuildFile; fileRef = EAC7B7362A9662BF00808CC1 /* CreateThreadView.swift */; };
		EAC7B7392A9663D100808CC1 /* ThreadCell.swift in Sources */ = {isa = PBXBuildFile; fileRef = EAC7B7382A9663D100808CC1 /* ThreadCell.swift */; };
		EAC7B73C2A96722700808CC1 /* CircularProfileImageView.swift in Sources */ = {isa = PBXBuildFile; fileRef = EAC7B73B2A96722700808CC1 /* CircularProfileImageView.swift */; };
		EAC7B73E2A96729400808CC1 /* UserCell.swift in Sources */ = {isa = PBXBuildFile; fileRef = EAC7B73D2A96729400808CC1 /* UserCell.swift */; };
		EAC7B7412A9679E500808CC1 /* ThreadFilter.swift in Sources */ = {isa = PBXBuildFile; fileRef = EAC7B7402A9679E500808CC1 /* ThreadFilter.swift */; };
		EAC7B7452A967FFA00808CC1 /* EditProfileView.swift in Sources */ = {isa = PBXBuildFile; fileRef = EAC7B7442A967FFA00808CC1 /* EditProfileView.swift */; };
		EADC03812A97272200535E72 /* RegistrationViewModel.swift in Sources */ = {isa = PBXBuildFile; fileRef = EADC03802A97272200535E72 /* RegistrationViewModel.swift */; };
		EADC03832A972FEE00535E72 /* AuthService.swift in Sources */ = {isa = PBXBuildFile; fileRef = EADC03822A972FEE00535E72 /* AuthService.swift */; };
		EADC03872A97343C00535E72 /* ContentViewModel.swift in Sources */ = {isa = PBXBuildFile; fileRef = EADC03862A97343C00535E72 /* ContentViewModel.swift */; };
		EADC03892A9738AF00535E72 /* LoginViewModel.swift in Sources */ = {isa = PBXBuildFile; fileRef = EADC03882A9738AF00535E72 /* LoginViewModel.swift */; };
		EADC038B2A973B8700535E72 /* User.swift in Sources */ = {isa = PBXBuildFile; fileRef = EADC038A2A973B8700535E72 /* User.swift */; };
		EADC038D2A973F8B00535E72 /* UserService.swift in Sources */ = {isa = PBXBuildFile; fileRef = EADC038C2A973F8B00535E72 /* UserService.swift */; };
		EADC03902A97408F00535E72 /* CurrentUserProfileViewModel.swift in Sources */ = {isa = PBXBuildFile; fileRef = EADC038F2A97408F00535E72 /* CurrentUserProfileViewModel.swift */; };
/* End PBXBuildFile section */

/* Begin PBXFileReference section */
		EA3E991F2A9B1D900087EB71 /* EditProfileViewModel.swift */ = {isa = PBXFileReference; lastKnownFileType = sourcecode.swift; path = EditProfileViewModel.swift; sourceTree = "<group>"; };
		EA3E99212A9B1F560087EB71 /* ImageUploader.swift */ = {isa = PBXFileReference; lastKnownFileType = sourcecode.swift; path = ImageUploader.swift; sourceTree = "<group>"; };
		EA41EDCC2A9DEE2E008A06BD /* Thread.swift */ = {isa = PBXFileReference; lastKnownFileType = sourcecode.swift; path = Thread.swift; sourceTree = "<group>"; };
		EA41EDCF2A9DF02D008A06BD /* CreateThreadViewModel.swift */ = {isa = PBXFileReference; lastKnownFileType = sourcecode.swift; path = CreateThreadViewModel.swift; sourceTree = "<group>"; };
		EA41EDD12A9DF051008A06BD /* ThreadService.swift */ = {isa = PBXFileReference; lastKnownFileType = sourcecode.swift; path = ThreadService.swift; sourceTree = "<group>"; };
		EA71193B2A99CD14008E53B0 /* ExploreViewModel.swift */ = {isa = PBXFileReference; lastKnownFileType = sourcecode.swift; path = ExploreViewModel.swift; sourceTree = "<group>"; };
		EA71193D2A99CF3E008E53B0 /* PreviewProvider.swift */ = {isa = PBXFileReference; lastKnownFileType = sourcecode.swift; path = PreviewProvider.swift; sourceTree = "<group>"; };
		EA9A4A082A99ED9E001CA523 /* CurrentUserProfileView.swift */ = {isa = PBXFileReference; lastKnownFileType = sourcecode.swift; path = CurrentUserProfileView.swift; sourceTree = "<group>"; };
		EA9A4A0E2A99F1C8001CA523 /* ProfileHeaderView.swift */ = {isa = PBXFileReference; lastKnownFileType = sourcecode.swift; path = ProfileHeaderView.swift; sourceTree = "<group>"; };
		EA9A4A102A99F327001CA523 /* UserContentListView.swift */ = {isa = PBXFileReference; lastKnownFileType = sourcecode.swift; path = UserContentListView.swift; sourceTree = "<group>"; };
		EAC6DAFE2A969320001F68B5 /* GoogleService-Info.plist */ = {isa = PBXFileReference; fileEncoding = 4; lastKnownFileType = text.plist.xml; path = "GoogleService-Info.plist"; sourceTree = "<group>"; };
		EAC7B6FC2A96538E00808CC1 /* threads.app */ = {isa = PBXFileReference; explicitFileType = wrapper.application; includeInIndex = 0; path = threads.app; sourceTree = BUILT_PRODUCTS_DIR; };
		EAC7B6FF2A96538E00808CC1 /* threadsApp.swift */ = {isa = PBXFileReference; lastKnownFileType = sourcecode.swift; path = threadsApp.swift; sourceTree = "<group>"; };
		EAC7B7012A96538E00808CC1 /* ContentView.swift */ = {isa = PBXFileReference; lastKnownFileType = sourcecode.swift; path = ContentView.swift; sourceTree = "<group>"; };
		EAC7B7032A96539000808CC1 /* Assets.xcassets */ = {isa = PBXFileReference; lastKnownFileType = folder.assetcatalog; path = Assets.xcassets; sourceTree = "<group>"; };
		EAC7B7062A96539000808CC1 /* Preview Assets.xcassets */ = {isa = PBXFileReference; lastKnownFileType = folder.assetcatalog; path = "Preview Assets.xcassets"; sourceTree = "<group>"; };
		EAC7B7162A96555E00808CC1 /* LoginView.swift */ = {isa = PBXFileReference; lastKnownFileType = sourcecode.swift; path = LoginView.swift; sourceTree = "<group>"; };
		EAC7B71B2A9658A400808CC1 /* ThreadsTextFieldModifier.swift */ = {isa = PBXFileReference; lastKnownFileType = sourcecode.swift; path = ThreadsTextFieldModifier.swift; sourceTree = "<group>"; };
		EAC7B71D2A965BE300808CC1 /* RegistrationView.swift */ = {isa = PBXFileReference; lastKnownFileType = sourcecode.swift; path = RegistrationView.swift; sourceTree = "<group>"; };
		EAC7B7202A965E4A00808CC1 /* ThreadsTabView.swift */ = {isa = PBXFileReference; lastKnownFileType = sourcecode.swift; path = ThreadsTabView.swift; sourceTree = "<group>"; };
		EAC7B7242A96613F00808CC1 /* FeedView.swift */ = {isa = PBXFileReference; lastKnownFileType = sourcecode.swift; path = FeedView.swift; sourceTree = "<group>"; };
		EAC7B7282A96617800808CC1 /* ExploreView.swift */ = {isa = PBXFileReference; lastKnownFileType = sourcecode.swift; path = ExploreView.swift; sourceTree = "<group>"; };
		EAC7B7322A9661F900808CC1 /* ProfileView.swift */ = {isa = PBXFileReference; lastKnownFileType = sourcecode.swift; path = ProfileView.swift; sourceTree = "<group>"; };
		EAC7B7342A96620A00808CC1 /* ActivityView.swift */ = {isa = PBXFileReference; lastKnownFileType = sourcecode.swift; path = ActivityView.swift; sourceTree = "<group>"; };
		EAC7B7362A9662BF00808CC1 /* CreateThreadView.swift */ = {isa = PBXFileReference; lastKnownFileType = sourcecode.swift; path = CreateThreadView.swift; sourceTree = "<group>"; };
		EAC7B7382A9663D100808CC1 /* ThreadCell.swift */ = {isa = PBXFileReference; lastKnownFileType = sourcecode.swift; path = ThreadCell.swift; sourceTree = "<group>"; };
		EAC7B73B2A96722700808CC1 /* CircularProfileImageView.swift */ = {isa = PBXFileReference; lastKnownFileType = sourcecode.swift; path = CircularProfileImageView.swift; sourceTree = "<group>"; };
		EAC7B73D2A96729400808CC1 /* UserCell.swift */ = {isa = PBXFileReference; lastKnownFileType = sourcecode.swift; path = UserCell.swift; sourceTree = "<group>"; };
		EAC7B7402A9679E500808CC1 /* ThreadFilter.swift */ = {isa = PBXFileReference; lastKnownFileType = sourcecode.swift; path = ThreadFilter.swift; sourceTree = "<group>"; };
		EAC7B7442A967FFA00808CC1 /* EditProfileView.swift */ = {isa = PBXFileReference; lastKnownFileType = sourcecode.swift; path = EditProfileView.swift; sourceTree = "<group>"; };
		EADC03802A97272200535E72 /* RegistrationViewModel.swift */ = {isa = PBXFileReference; lastKnownFileType = sourcecode.swift; path = RegistrationViewModel.swift; sourceTree = "<group>"; };
		EADC03822A972FEE00535E72 /* AuthService.swift */ = {isa = PBXFileReference; lastKnownFileType = sourcecode.swift; path = AuthService.swift; sourceTree = "<group>"; };
		EADC03862A97343C00535E72 /* ContentViewModel.swift */ = {isa = PBXFileReference; lastKnownFileType = sourcecode.swift; path = ContentViewModel.swift; sourceTree = "<group>"; };
		EADC03882A9738AF00535E72 /* LoginViewModel.swift */ = {isa = PBXFileReference; lastKnownFileType = sourcecode.swift; path = LoginViewModel.swift; sourceTree = "<group>"; };
		EADC038A2A973B8700535E72 /* User.swift */ = {isa = PBXFileReference; lastKnownFileType = sourcecode.swift; path = User.swift; sourceTree = "<group>"; };
		EADC038C2A973F8B00535E72 /* UserService.swift */ = {isa = PBXFileReference; lastKnownFileType = sourcecode.swift; path = UserService.swift; sourceTree = "<group>"; };
		EADC038F2A97408F00535E72 /* CurrentUserProfileViewModel.swift */ = {isa = PBXFileReference; lastKnownFileType = sourcecode.swift; path = CurrentUserProfileViewModel.swift; sourceTree = "<group>"; };
/* End PBXFileReference section */

/* Begin PBXFrameworksBuildPhase section */
		EAC7B6F92A96538E00808CC1 /* Frameworks */ = {
			isa = PBXFrameworksBuildPhase;
			buildActionMask = 2147483647;
			files = (
				EAC6DB022A9693B1001F68B5 /* FirebaseAuth in Frameworks */,
				EAC6DB082A9693B1001F68B5 /* FirebaseStorage in Frameworks */,
				EAC6DB042A9693B1001F68B5 /* FirebaseFirestore in Frameworks */,
				EAC6DB062A9693B1001F68B5 /* FirebaseFirestoreSwift in Frameworks */,
				EA41EDCB2A9DE47F008A06BD /* Kingfisher in Frameworks */,
			);
			runOnlyForDeploymentPostprocessing = 0;
		};
/* End PBXFrameworksBuildPhase section */

/* Begin PBXGroup section */
		EA3E991E2A9B1D850087EB71 /* ViewModel */ = {
			isa = PBXGroup;
			children = (
				EA3E991F2A9B1D900087EB71 /* EditProfileViewModel.swift */,
			);
			path = ViewModel;
			sourceTree = "<group>";
		};
		EA41EDCE2A9DF01E008A06BD /* ViewModel */ = {
			isa = PBXGroup;
			children = (
				EA41EDCF2A9DF02D008A06BD /* CreateThreadViewModel.swift */,
			);
			path = ViewModel;
			sourceTree = "<group>";
		};
		EA71193A2A99CCEA008E53B0 /* ViewModel */ = {
			isa = PBXGroup;
			children = (
				EA71193B2A99CD14008E53B0 /* ExploreViewModel.swift */,
			);
			path = ViewModel;
			sourceTree = "<group>";
		};
		EA9A4A062A99ED7B001CA523 /* CurrentUserProfile */ = {
			isa = PBXGroup;
			children = (
				EA9A4A0A2A99EDED001CA523 /* ViewModel */,
				EA9A4A072A99ED95001CA523 /* View */,
			);
			path = CurrentUserProfile;
			sourceTree = "<group>";
		};
		EA9A4A072A99ED95001CA523 /* View */ = {
			isa = PBXGroup;
			children = (
				EA9A4A082A99ED9E001CA523 /* CurrentUserProfileView.swift */,
			);
			path = View;
			sourceTree = "<group>";
		};
		EA9A4A0A2A99EDED001CA523 /* ViewModel */ = {
			isa = PBXGroup;
			children = (
				EADC038F2A97408F00535E72 /* CurrentUserProfileViewModel.swift */,
			);
			path = ViewModel;
			sourceTree = "<group>";
		};
		EA9A4A0D2A99F1B9001CA523 /* Components */ = {
			isa = PBXGroup;
			children = (
				EA9A4A0E2A99F1C8001CA523 /* ProfileHeaderView.swift */,
				EA9A4A102A99F327001CA523 /* UserContentListView.swift */,
			);
			path = Components;
			sourceTree = "<group>";
		};
		EAC7B6F32A96538E00808CC1 = {
			isa = PBXGroup;
			children = (
				EAC7B6FE2A96538E00808CC1 /* threads */,
				EAC7B6FD2A96538E00808CC1 /* Products */,
			);
			sourceTree = "<group>";
		};
		EAC7B6FD2A96538E00808CC1 /* Products */ = {
			isa = PBXGroup;
			children = (
				EAC7B6FC2A96538E00808CC1 /* threads.app */,
			);
			name = Products;
			sourceTree = "<group>";
		};
		EAC7B6FE2A96538E00808CC1 /* threads */ = {
			isa = PBXGroup;
			children = (
				EAC7B7122A9654B600808CC1 /* App */,
				EAC7B7112A9654B300808CC1 /* Core */,
				EAC7B7102A9654B100808CC1 /* Utils */,
				EAC7B70F2A9654AD00808CC1 /* Models */,
				EAC7B70E2A9654AB00808CC1 /* Services */,
				EAC7B70D2A9654A800808CC1 /* Extensions */,
				EAC7B7032A96539000808CC1 /* Assets.xcassets */,
				EAC6DAFE2A969320001F68B5 /* GoogleService-Info.plist */,
				EAC7B7052A96539000808CC1 /* Preview Content */,
			);
			path = threads;
			sourceTree = "<group>";
		};
		EAC7B7052A96539000808CC1 /* Preview Content */ = {
			isa = PBXGroup;
			children = (
				EAC7B7062A96539000808CC1 /* Preview Assets.xcassets */,
			);
			path = "Preview Content";
			sourceTree = "<group>";
		};
		EAC7B70D2A9654A800808CC1 /* Extensions */ = {
			isa = PBXGroup;
			children = (
				EA71193D2A99CF3E008E53B0 /* PreviewProvider.swift */,
			);
			path = Extensions;
			sourceTree = "<group>";
		};
		EAC7B70E2A9654AB00808CC1 /* Services */ = {
			isa = PBXGroup;
			children = (
				EADC038C2A973F8B00535E72 /* UserService.swift */,
				EA3E99212A9B1F560087EB71 /* ImageUploader.swift */,
				EA41EDD12A9DF051008A06BD /* ThreadService.swift */,
			);
			path = Services;
			sourceTree = "<group>";
		};
		EAC7B70F2A9654AD00808CC1 /* Models */ = {
			isa = PBXGroup;
			children = (
				EA41EDCC2A9DEE2E008A06BD /* Thread.swift */,
				EADC038A2A973B8700535E72 /* User.swift */,
			);
			path = Models;
			sourceTree = "<group>";
		};
		EAC7B7102A9654B100808CC1 /* Utils */ = {
			isa = PBXGroup;
			children = (
				EAC7B7182A96585D00808CC1 /* ViewModifiers */,
			);
			path = Utils;
			sourceTree = "<group>";
		};
		EAC7B7112A9654B300808CC1 /* Core */ = {
			isa = PBXGroup;
			children = (
				EAC7B7142A96551C00808CC1 /* Auth */,
				EAC7B72E2A9661D800808CC1 /* Activity */,
				EAC7B73A2A96714400808CC1 /* Components */,
				EAC7B7262A96616C00808CC1 /* Explore */,
				EAC7B7222A96612E00808CC1 /* Feed */,
				EAC7B72F2A9661D900808CC1 /* Profile */,
				EAC7B7132A96551B00808CC1 /* Root */,
				EAC7B71F2A965E0A00808CC1 /* TabBar */,
				EAC7B72A2A9661A900808CC1 /* ThreadCreation */,
			);
			path = Core;
			sourceTree = "<group>";
		};
		EAC7B7122A9654B600808CC1 /* App */ = {
			isa = PBXGroup;
			children = (
				EAC7B6FF2A96538E00808CC1 /* threadsApp.swift */,
			);
			path = App;
			sourceTree = "<group>";
		};
		EAC7B7132A96551B00808CC1 /* Root */ = {
			isa = PBXGroup;
			children = (
				EADC03842A9733EA00535E72 /* Views */,
				EADC03852A9733ED00535E72 /* ViewModels */,
			);
			path = Root;
			sourceTree = "<group>";
		};
		EAC7B7142A96551C00808CC1 /* Auth */ = {
			isa = PBXGroup;
			children = (
				EADC037F2A97271300535E72 /* Service */,
				EADC037E2A97270D00535E72 /* ViewModels */,
				EAC7B7152A96554500808CC1 /* Views */,
			);
			path = Auth;
			sourceTree = "<group>";
		};
		EAC7B7152A96554500808CC1 /* Views */ = {
			isa = PBXGroup;
			children = (
				EAC7B7162A96555E00808CC1 /* LoginView.swift */,
				EAC7B71D2A965BE300808CC1 /* RegistrationView.swift */,
			);
			path = Views;
			sourceTree = "<group>";
		};
		EAC7B7182A96585D00808CC1 /* ViewModifiers */ = {
			isa = PBXGroup;
			children = (
				EAC7B71B2A9658A400808CC1 /* ThreadsTextFieldModifier.swift */,
			);
			path = ViewModifiers;
			sourceTree = "<group>";
		};
		EAC7B71F2A965E0A00808CC1 /* TabBar */ = {
			isa = PBXGroup;
			children = (
				EAC7B7202A965E4A00808CC1 /* ThreadsTabView.swift */,
			);
			path = TabBar;
			sourceTree = "<group>";
		};
		EAC7B7222A96612E00808CC1 /* Feed */ = {
			isa = PBXGroup;
			children = (
				EAC7B7232A96613200808CC1 /* Views */,
			);
			path = Feed;
			sourceTree = "<group>";
		};
		EAC7B7232A96613200808CC1 /* Views */ = {
			isa = PBXGroup;
			children = (
				EAC7B7242A96613F00808CC1 /* FeedView.swift */,
				EAC7B7382A9663D100808CC1 /* ThreadCell.swift */,
			);
			path = Views;
			sourceTree = "<group>";
		};
		EAC7B7262A96616C00808CC1 /* Explore */ = {
			isa = PBXGroup;
			children = (
				EA71193A2A99CCEA008E53B0 /* ViewModel */,
				EAC7B7272A96617000808CC1 /* Views */,
			);
			path = Explore;
			sourceTree = "<group>";
		};
		EAC7B7272A96617000808CC1 /* Views */ = {
			isa = PBXGroup;
			children = (
				EAC7B7282A96617800808CC1 /* ExploreView.swift */,
			);
			path = Views;
			sourceTree = "<group>";
		};
		EAC7B72A2A9661A900808CC1 /* ThreadCreation */ = {
			isa = PBXGroup;
			children = (
				EA41EDCE2A9DF01E008A06BD /* ViewModel */,
				EAC7B72B2A9661B000808CC1 /* Views */,
			);
			path = ThreadCreation;
			sourceTree = "<group>";
		};
		EAC7B72B2A9661B000808CC1 /* Views */ = {
			isa = PBXGroup;
			children = (
				EAC7B7362A9662BF00808CC1 /* CreateThreadView.swift */,
			);
			path = Views;
			sourceTree = "<group>";
		};
		EAC7B72E2A9661D800808CC1 /* Activity */ = {
			isa = PBXGroup;
			children = (
				EAC7B7312A9661EE00808CC1 /* Views */,
			);
			path = Activity;
			sourceTree = "<group>";
		};
		EAC7B72F2A9661D900808CC1 /* Profile */ = {
			isa = PBXGroup;
			children = (
				EA9A4A0D2A99F1B9001CA523 /* Components */,
				EA9A4A062A99ED7B001CA523 /* CurrentUserProfile */,
				EAC7B7422A967FD700808CC1 /* EditProfile */,
				EAC7B73F2A9679DA00808CC1 /* Models */,
				EAC7B7302A9661E900808CC1 /* UserProfile */,
			);
			path = Profile;
			sourceTree = "<group>";
		};
		EAC7B7302A9661E900808CC1 /* UserProfile */ = {
			isa = PBXGroup;
			children = (
				EAC7B7322A9661F900808CC1 /* ProfileView.swift */,
			);
			path = UserProfile;
			sourceTree = "<group>";
		};
		EAC7B7312A9661EE00808CC1 /* Views */ = {
			isa = PBXGroup;
			children = (
				EAC7B7342A96620A00808CC1 /* ActivityView.swift */,
			);
			path = Views;
			sourceTree = "<group>";
		};
		EAC7B73A2A96714400808CC1 /* Components */ = {
			isa = PBXGroup;
			children = (
				EAC7B73B2A96722700808CC1 /* CircularProfileImageView.swift */,
				EAC7B73D2A96729400808CC1 /* UserCell.swift */,
			);
			path = Components;
			sourceTree = "<group>";
		};
		EAC7B73F2A9679DA00808CC1 /* Models */ = {
			isa = PBXGroup;
			children = (
				EAC7B7402A9679E500808CC1 /* ThreadFilter.swift */,
			);
			path = Models;
			sourceTree = "<group>";
		};
		EAC7B7422A967FD700808CC1 /* EditProfile */ = {
			isa = PBXGroup;
			children = (
				EA3E991E2A9B1D850087EB71 /* ViewModel */,
				EAC7B7432A967FF100808CC1 /* Views */,
			);
			path = EditProfile;
			sourceTree = "<group>";
		};
		EAC7B7432A967FF100808CC1 /* Views */ = {
			isa = PBXGroup;
			children = (
				EAC7B7442A967FFA00808CC1 /* EditProfileView.swift */,
			);
			path = Views;
			sourceTree = "<group>";
		};
		EADC037E2A97270D00535E72 /* ViewModels */ = {
			isa = PBXGroup;
			children = (
				EADC03802A97272200535E72 /* RegistrationViewModel.swift */,
				EADC03882A9738AF00535E72 /* LoginViewModel.swift */,
			);
			path = ViewModels;
			sourceTree = "<group>";
		};
		EADC037F2A97271300535E72 /* Service */ = {
			isa = PBXGroup;
			children = (
				EADC03822A972FEE00535E72 /* AuthService.swift */,
			);
			path = Service;
			sourceTree = "<group>";
		};
		EADC03842A9733EA00535E72 /* Views */ = {
			isa = PBXGroup;
			children = (
				EAC7B7012A96538E00808CC1 /* ContentView.swift */,
			);
			path = Views;
			sourceTree = "<group>";
		};
		EADC03852A9733ED00535E72 /* ViewModels */ = {
			isa = PBXGroup;
			children = (
				EADC03862A97343C00535E72 /* ContentViewModel.swift */,
			);
			path = ViewModels;
			sourceTree = "<group>";
		};
/* End PBXGroup section */

/* Begin PBXNativeTarget section */
		EAC7B6FB2A96538E00808CC1 /* threads */ = {
			isa = PBXNativeTarget;
			buildConfigurationList = EAC7B70A2A96539000808CC1 /* Build configuration list for PBXNativeTarget "threads" */;
			buildPhases = (
				EAC7B6F82A96538E00808CC1 /* Sources */,
				EAC7B6F92A96538E00808CC1 /* Frameworks */,
				EAC7B6FA2A96538E00808CC1 /* Resources */,
			);
			buildRules = (
			);
			dependencies = (
			);
			name = threads;
			packageProductDependencies = (
				EAC6DB012A9693B1001F68B5 /* FirebaseAuth */,
				EAC6DB032A9693B1001F68B5 /* FirebaseFirestore */,
				EAC6DB052A9693B1001F68B5 /* FirebaseFirestoreSwift */,
				EAC6DB072A9693B1001F68B5 /* FirebaseStorage */,
				EA41EDCA2A9DE47F008A06BD /* Kingfisher */,
			);
			productName = threads;
			productReference = EAC7B6FC2A96538E00808CC1 /* threads.app */;
			productType = "com.apple.product-type.application";
		};
/* End PBXNativeTarget section */

/* Begin PBXProject section */
		EAC7B6F42A96538E00808CC1 /* Project object */ = {
			isa = PBXProject;
			attributes = {
				BuildIndependentTargetsInParallel = 1;
				LastSwiftUpdateCheck = 1430;
				LastUpgradeCheck = 1430;
				TargetAttributes = {
					EAC7B6FB2A96538E00808CC1 = {
						CreatedOnToolsVersion = 14.3.1;
					};
				};
			};
			buildConfigurationList = EAC7B6F72A96538E00808CC1 /* Build configuration list for PBXProject "threads" */;
			compatibilityVersion = "Xcode 14.0";
			developmentRegion = en;
			hasScannedForEncodings = 0;
			knownRegions = (
				en,
				Base,
			);
			mainGroup = EAC7B6F32A96538E00808CC1;
			packageReferences = (
				EAC6DB002A9693B1001F68B5 /* XCRemoteSwiftPackageReference "firebase-ios-sdk" */,
				EA41EDC92A9DE47F008A06BD /* XCRemoteSwiftPackageReference "Kingfisher" */,
			);
			productRefGroup = EAC7B6FD2A96538E00808CC1 /* Products */;
			projectDirPath = "";
			projectRoot = "";
			targets = (
				EAC7B6FB2A96538E00808CC1 /* threads */,
			);
		};
/* End PBXProject section */

/* Begin PBXResourcesBuildPhase section */
		EAC7B6FA2A96538E00808CC1 /* Resources */ = {
			isa = PBXResourcesBuildPhase;
			buildActionMask = 2147483647;
			files = (
				EA71193F2A99D102008E53B0 /* GoogleService-Info.plist in Resources */,
				EAC7B7072A96539000808CC1 /* Preview Assets.xcassets in Resources */,
				EAC7B7042A96539000808CC1 /* Assets.xcassets in Resources */,
			);
			runOnlyForDeploymentPostprocessing = 0;
		};
/* End PBXResourcesBuildPhase section */

/* Begin PBXSourcesBuildPhase section */
		EAC7B6F82A96538E00808CC1 /* Sources */ = {
			isa = PBXSourcesBuildPhase;
			buildActionMask = 2147483647;
			files = (
				EAC7B7412A9679E500808CC1 /* ThreadFilter.swift in Sources */,
				EA41EDCD2A9DEE2E008A06BD /* Thread.swift in Sources */,
				EADC03812A97272200535E72 /* RegistrationViewModel.swift in Sources */,
				EAC7B7352A96620A00808CC1 /* ActivityView.swift in Sources */,
				EADC03832A972FEE00535E72 /* AuthService.swift in Sources */,
				EA71193E2A99CF3E008E53B0 /* PreviewProvider.swift in Sources */,
				EA3E99202A9B1D900087EB71 /* EditProfileViewModel.swift in Sources */,
				EAC7B7452A967FFA00808CC1 /* EditProfileView.swift in Sources */,
				EAC7B7252A96613F00808CC1 /* FeedView.swift in Sources */,
				EADC038D2A973F8B00535E72 /* UserService.swift in Sources */,
				EAC7B7332A9661F900808CC1 /* ProfileView.swift in Sources */,
				EA9A4A112A99F327001CA523 /* UserContentListView.swift in Sources */,
				EAC7B7392A9663D100808CC1 /* ThreadCell.swift in Sources */,
				EADC03892A9738AF00535E72 /* LoginViewModel.swift in Sources */,
				EA41EDD02A9DF02D008A06BD /* CreateThreadViewModel.swift in Sources */,
				EAC7B71C2A9658A400808CC1 /* ThreadsTextFieldModifier.swift in Sources */,
				EAC7B73C2A96722700808CC1 /* CircularProfileImageView.swift in Sources */,
				EA71193C2A99CD14008E53B0 /* ExploreViewModel.swift in Sources */,
				EAC7B73E2A96729400808CC1 /* UserCell.swift in Sources */,
				EA3E99222A9B1F560087EB71 /* ImageUploader.swift in Sources */,
				EAC7B7172A96555E00808CC1 /* LoginView.swift in Sources */,
				EADC03872A97343C00535E72 /* ContentViewModel.swift in Sources */,
				EADC03902A97408F00535E72 /* CurrentUserProfileViewModel.swift in Sources */,
				EAC7B7212A965E4A00808CC1 /* ThreadsTabView.swift in Sources */,
				EA9A4A092A99ED9E001CA523 /* CurrentUserProfileView.swift in Sources */,
				EAC7B7372A9662BF00808CC1 /* CreateThreadView.swift in Sources */,
				EAC7B7022A96538E00808CC1 /* ContentView.swift in Sources */,
				EA9A4A0F2A99F1C8001CA523 /* ProfileHeaderView.swift in Sources */,
				EAC7B7002A96538E00808CC1 /* threadsApp.swift in Sources */,
				EAC7B7292A96617800808CC1 /* ExploreView.swift in Sources */,
				EAC7B71E2A965BE300808CC1 /* RegistrationView.swift in Sources */,
				EADC038B2A973B8700535E72 /* User.swift in Sources */,
				EA41EDD22A9DF051008A06BD /* ThreadService.swift in Sources */,
			);
			runOnlyForDeploymentPostprocessing = 0;
		};
/* End PBXSourcesBuildPhase section */

/* Begin XCBuildConfiguration section */
		EAC7B7082A96539000808CC1 /* Debug */ = {
			isa = XCBuildConfiguration;
			buildSettings = {
				ALWAYS_SEARCH_USER_PATHS = NO;
				CLANG_ANALYZER_NONNULL = YES;
				CLANG_ANALYZER_NUMBER_OBJECT_CONVERSION = YES_AGGRESSIVE;
				CLANG_CXX_LANGUAGE_STANDARD = "gnu++20";
				CLANG_ENABLE_MODULES = YES;
				CLANG_ENABLE_OBJC_ARC = YES;
				CLANG_ENABLE_OBJC_WEAK = YES;
				CLANG_WARN_BLOCK_CAPTURE_AUTORELEASING = YES;
				CLANG_WARN_BOOL_CONVERSION = YES;
				CLANG_WARN_COMMA = YES;
				CLANG_WARN_CONSTANT_CONVERSION = YES;
				CLANG_WARN_DEPRECATED_OBJC_IMPLEMENTATIONS = YES;
				CLANG_WARN_DIRECT_OBJC_ISA_USAGE = YES_ERROR;
				CLANG_WARN_DOCUMENTATION_COMMENTS = YES;
				CLANG_WARN_EMPTY_BODY = YES;
				CLANG_WARN_ENUM_CONVERSION = YES;
				CLANG_WARN_INFINITE_RECURSION = YES;
				CLANG_WARN_INT_CONVERSION = YES;
				CLANG_WARN_NON_LITERAL_NULL_CONVERSION = YES;
				CLANG_WARN_OBJC_IMPLICIT_RETAIN_SELF = YES;
				CLANG_WARN_OBJC_LITERAL_CONVERSION = YES;
				CLANG_WARN_OBJC_ROOT_CLASS = YES_ERROR;
				CLANG_WARN_QUOTED_INCLUDE_IN_FRAMEWORK_HEADER = YES;
				CLANG_WARN_RANGE_LOOP_ANALYSIS = YES;
				CLANG_WARN_STRICT_PROTOTYPES = YES;
				CLANG_WARN_SUSPICIOUS_MOVE = YES;
				CLANG_WARN_UNGUARDED_AVAILABILITY = YES_AGGRESSIVE;
				CLANG_WARN_UNREACHABLE_CODE = YES;
				CLANG_WARN__DUPLICATE_METHOD_MATCH = YES;
				COPY_PHASE_STRIP = NO;
				DEBUG_INFORMATION_FORMAT = dwarf;
				ENABLE_STRICT_OBJC_MSGSEND = YES;
				ENABLE_TESTABILITY = YES;
				GCC_C_LANGUAGE_STANDARD = gnu11;
				GCC_DYNAMIC_NO_PIC = NO;
				GCC_NO_COMMON_BLOCKS = YES;
				GCC_OPTIMIZATION_LEVEL = 0;
				GCC_PREPROCESSOR_DEFINITIONS = (
					"DEBUG=1",
					"$(inherited)",
				);
				GCC_WARN_64_TO_32_BIT_CONVERSION = YES;
				GCC_WARN_ABOUT_RETURN_TYPE = YES_ERROR;
				GCC_WARN_UNDECLARED_SELECTOR = YES;
				GCC_WARN_UNINITIALIZED_AUTOS = YES_AGGRESSIVE;
				GCC_WARN_UNUSED_FUNCTION = YES;
				GCC_WARN_UNUSED_VARIABLE = YES;
				IPHONEOS_DEPLOYMENT_TARGET = 16.4;
				MTL_ENABLE_DEBUG_INFO = INCLUDE_SOURCE;
				MTL_FAST_MATH = YES;
				ONLY_ACTIVE_ARCH = YES;
				SDKROOT = iphoneos;
				SWIFT_ACTIVE_COMPILATION_CONDITIONS = DEBUG;
				SWIFT_OPTIMIZATION_LEVEL = "-Onone";
			};
			name = Debug;
		};
		EAC7B7092A96539000808CC1 /* Release */ = {
			isa = XCBuildConfiguration;
			buildSettings = {
				ALWAYS_SEARCH_USER_PATHS = NO;
				CLANG_ANALYZER_NONNULL = YES;
				CLANG_ANALYZER_NUMBER_OBJECT_CONVERSION = YES_AGGRESSIVE;
				CLANG_CXX_LANGUAGE_STANDARD = "gnu++20";
				CLANG_ENABLE_MODULES = YES;
				CLANG_ENABLE_OBJC_ARC = YES;
				CLANG_ENABLE_OBJC_WEAK = YES;
				CLANG_WARN_BLOCK_CAPTURE_AUTORELEASING = YES;
				CLANG_WARN_BOOL_CONVERSION = YES;
				CLANG_WARN_COMMA = YES;
				CLANG_WARN_CONSTANT_CONVERSION = YES;
				CLANG_WARN_DEPRECATED_OBJC_IMPLEMENTATIONS = YES;
				CLANG_WARN_DIRECT_OBJC_ISA_USAGE = YES_ERROR;
				CLANG_WARN_DOCUMENTATION_COMMENTS = YES;
				CLANG_WARN_EMPTY_BODY = YES;
				CLANG_WARN_ENUM_CONVERSION = YES;
				CLANG_WARN_INFINITE_RECURSION = YES;
				CLANG_WARN_INT_CONVERSION = YES;
				CLANG_WARN_NON_LITERAL_NULL_CONVERSION = YES;
				CLANG_WARN_OBJC_IMPLICIT_RETAIN_SELF = YES;
				CLANG_WARN_OBJC_LITERAL_CONVERSION = YES;
				CLANG_WARN_OBJC_ROOT_CLASS = YES_ERROR;
				CLANG_WARN_QUOTED_INCLUDE_IN_FRAMEWORK_HEADER = YES;
				CLANG_WARN_RANGE_LOOP_ANALYSIS = YES;
				CLANG_WARN_STRICT_PROTOTYPES = YES;
				CLANG_WARN_SUSPICIOUS_MOVE = YES;
				CLANG_WARN_UNGUARDED_AVAILABILITY = YES_AGGRESSIVE;
				CLANG_WARN_UNREACHABLE_CODE = YES;
				CLANG_WARN__DUPLICATE_METHOD_MATCH = YES;
				COPY_PHASE_STRIP = NO;
				DEBUG_INFORMATION_FORMAT = "dwarf-with-dsym";
				ENABLE_NS_ASSERTIONS = NO;
				ENABLE_STRICT_OBJC_MSGSEND = YES;
				GCC_C_LANGUAGE_STANDARD = gnu11;
				GCC_NO_COMMON_BLOCKS = YES;
				GCC_WARN_64_TO_32_BIT_CONVERSION = YES;
				GCC_WARN_ABOUT_RETURN_TYPE = YES_ERROR;
				GCC_WARN_UNDECLARED_SELECTOR = YES;
				GCC_WARN_UNINITIALIZED_AUTOS = YES_AGGRESSIVE;
				GCC_WARN_UNUSED_FUNCTION = YES;
				GCC_WARN_UNUSED_VARIABLE = YES;
				IPHONEOS_DEPLOYMENT_TARGET = 16.4;
				MTL_ENABLE_DEBUG_INFO = NO;
				MTL_FAST_MATH = YES;
				SDKROOT = iphoneos;
				SWIFT_COMPILATION_MODE = wholemodule;
				SWIFT_OPTIMIZATION_LEVEL = "-O";
				VALIDATE_PRODUCT = YES;
			};
			name = Release;
		};
		EAC7B70B2A96539000808CC1 /* Debug */ = {
			isa = XCBuildConfiguration;
			buildSettings = {
				ASSETCATALOG_COMPILER_APPICON_NAME = AppIcon;
				ASSETCATALOG_COMPILER_GLOBAL_ACCENT_COLOR_NAME = AccentColor;
				CODE_SIGN_STYLE = Automatic;
				CURRENT_PROJECT_VERSION = 1;
				DEVELOPMENT_ASSET_PATHS = "\"threads/Preview Content\"";
				DEVELOPMENT_TEAM = AGM86K5294;
				ENABLE_PREVIEWS = YES;
				GENERATE_INFOPLIST_FILE = YES;
				INFOPLIST_KEY_UIApplicationSceneManifest_Generation = YES;
				INFOPLIST_KEY_UIApplicationSupportsIndirectInputEvents = YES;
				INFOPLIST_KEY_UILaunchScreen_Generation = YES;
				INFOPLIST_KEY_UISupportedInterfaceOrientations_iPad = "UIInterfaceOrientationPortrait UIInterfaceOrientationPortraitUpsideDown UIInterfaceOrientationLandscapeLeft UIInterfaceOrientationLandscapeRight";
				INFOPLIST_KEY_UISupportedInterfaceOrientations_iPhone = "UIInterfaceOrientationPortrait UIInterfaceOrientationLandscapeLeft UIInterfaceOrientationLandscapeRight";
				LD_RUNPATH_SEARCH_PATHS = (
					"$(inherited)",
					"@executable_path/Frameworks",
				);
				MARKETING_VERSION = 1.0;
				PRODUCT_BUNDLE_IDENTIFIER = me.ghunaim.yazan.threads;
				PRODUCT_NAME = "$(TARGET_NAME)";
				SWIFT_EMIT_LOC_STRINGS = YES;
				SWIFT_VERSION = 5.0;
				TARGETED_DEVICE_FAMILY = "1,2";
			};
			name = Debug;
		};
		EAC7B70C2A96539000808CC1 /* Release */ = {
			isa = XCBuildConfiguration;
			buildSettings = {
				ASSETCATALOG_COMPILER_APPICON_NAME = AppIcon;
				ASSETCATALOG_COMPILER_GLOBAL_ACCENT_COLOR_NAME = AccentColor;
				CODE_SIGN_STYLE = Automatic;
				CURRENT_PROJECT_VERSION = 1;
				DEVELOPMENT_ASSET_PATHS = "\"threads/Preview Content\"";
				DEVELOPMENT_TEAM = AGM86K5294;
				ENABLE_PREVIEWS = YES;
				GENERATE_INFOPLIST_FILE = YES;
				INFOPLIST_KEY_UIApplicationSceneManifest_Generation = YES;
				INFOPLIST_KEY_UIApplicationSupportsIndirectInputEvents = YES;
				INFOPLIST_KEY_UILaunchScreen_Generation = YES;
				INFOPLIST_KEY_UISupportedInterfaceOrientations_iPad = "UIInterfaceOrientationPortrait UIInterfaceOrientationPortraitUpsideDown UIInterfaceOrientationLandscapeLeft UIInterfaceOrientationLandscapeRight";
				INFOPLIST_KEY_UISupportedInterfaceOrientations_iPhone = "UIInterfaceOrientationPortrait UIInterfaceOrientationLandscapeLeft UIInterfaceOrientationLandscapeRight";
				LD_RUNPATH_SEARCH_PATHS = (
					"$(inherited)",
					"@executable_path/Frameworks",
				);
				MARKETING_VERSION = 1.0;
				PRODUCT_BUNDLE_IDENTIFIER = me.ghunaim.yazan.threads;
				PRODUCT_NAME = "$(TARGET_NAME)";
				SWIFT_EMIT_LOC_STRINGS = YES;
				SWIFT_VERSION = 5.0;
				TARGETED_DEVICE_FAMILY = "1,2";
			};
			name = Release;
		};
/* End XCBuildConfiguration section */

/* Begin XCConfigurationList section */
		EAC7B6F72A96538E00808CC1 /* Build configuration list for PBXProject "threads" */ = {
			isa = XCConfigurationList;
			buildConfigurations = (
				EAC7B7082A96539000808CC1 /* Debug */,
				EAC7B7092A96539000808CC1 /* Release */,
			);
			defaultConfigurationIsVisible = 0;
			defaultConfigurationName = Release;
		};
		EAC7B70A2A96539000808CC1 /* Build configuration list for PBXNativeTarget "threads" */ = {
			isa = XCConfigurationList;
			buildConfigurations = (
				EAC7B70B2A96539000808CC1 /* Debug */,
				EAC7B70C2A96539000808CC1 /* Release */,
			);
			defaultConfigurationIsVisible = 0;
			defaultConfigurationName = Release;
		};
/* End XCConfigurationList section */

/* Begin XCRemoteSwiftPackageReference section */
		EA41EDC92A9DE47F008A06BD /* XCRemoteSwiftPackageReference "Kingfisher" */ = {
			isa = XCRemoteSwiftPackageReference;
			repositoryURL = "https://github.com/onevcat/Kingfisher.git";
			requirement = {
				kind = upToNextMajorVersion;
				minimumVersion = 7.0.0;
			};
		};
		EAC6DB002A9693B1001F68B5 /* XCRemoteSwiftPackageReference "firebase-ios-sdk" */ = {
			isa = XCRemoteSwiftPackageReference;
			repositoryURL = "https://github.com/firebase/firebase-ios-sdk";
			requirement = {
				kind = upToNextMajorVersion;
				minimumVersion = 10.0.0;
			};
		};
/* End XCRemoteSwiftPackageReference section */

/* Begin XCSwiftPackageProductDependency section */
		EA41EDCA2A9DE47F008A06BD /* Kingfisher */ = {
			isa = XCSwiftPackageProductDependency;
			package = EA41EDC92A9DE47F008A06BD /* XCRemoteSwiftPackageReference "Kingfisher" */;
			productName = Kingfisher;
		};
		EAC6DB012A9693B1001F68B5 /* FirebaseAuth */ = {
			isa = XCSwiftPackageProductDependency;
			package = EAC6DB002A9693B1001F68B5 /* XCRemoteSwiftPackageReference "firebase-ios-sdk" */;
			productName = FirebaseAuth;
		};
		EAC6DB032A9693B1001F68B5 /* FirebaseFirestore */ = {
			isa = XCSwiftPackageProductDependency;
			package = EAC6DB002A9693B1001F68B5 /* XCRemoteSwiftPackageReference "firebase-ios-sdk" */;
			productName = FirebaseFirestore;
		};
		EAC6DB052A9693B1001F68B5 /* FirebaseFirestoreSwift */ = {
			isa = XCSwiftPackageProductDependency;
			package = EAC6DB002A9693B1001F68B5 /* XCRemoteSwiftPackageReference "firebase-ios-sdk" */;
			productName = FirebaseFirestoreSwift;
		};
		EAC6DB072A9693B1001F68B5 /* FirebaseStorage */ = {
			isa = XCSwiftPackageProductDependency;
			package = EAC6DB002A9693B1001F68B5 /* XCRemoteSwiftPackageReference "firebase-ios-sdk" */;
			productName = FirebaseStorage;
		};
/* End XCSwiftPackageProductDependency section */
	};
	rootObject = EAC7B6F42A96538E00808CC1 /* Project object */;
}
